// !$*UTF8*$!
{
	archiveVersion = 1;
	classes = {
	};
	objectVersion = 46;
	objects = {

/* Begin PBXBuildFile section */
		976AA9A11A90151F005F8989 /* main.m in Sources */ = {isa = PBXBuildFile; fileRef = 976AA9A01A90151F005F8989 /* main.m */; };
		976AA9A41A90151F005F8989 /* AppDelegate.m in Sources */ = {isa = PBXBuildFile; fileRef = 976AA9A31A90151F005F8989 /* AppDelegate.m */; };
		976AA9A71A90151F005F8989 /* ViewController.m in Sources */ = {isa = PBXBuildFile; fileRef = 976AA9A61A90151F005F8989 /* ViewController.m */; };
		976AA9AA1A90151F005F8989 /* Main.storyboard in Resources */ = {isa = PBXBuildFile; fileRef = 976AA9A81A90151F005F8989 /* Main.storyboard */; };
		976AA9AC1A90151F005F8989 /* Images.xcassets in Resources */ = {isa = PBXBuildFile; fileRef = 976AA9AB1A90151F005F8989 /* Images.xcassets */; };
		976AA9AF1A90151F005F8989 /* LaunchScreen.xib in Resources */ = {isa = PBXBuildFile; fileRef = 976AA9AD1A90151F005F8989 /* LaunchScreen.xib */; };
		976AA9BB1A901520005F8989 /* debugpuckTests.m in Sources */ = {isa = PBXBuildFile; fileRef = 976AA9BA1A901520005F8989 /* debugpuckTests.m */; };
		976AA9C61A90154D005F8989 /* FREDebugPuck.m in Sources */ = {isa = PBXBuildFile; fileRef = 976AA9C51A90154D005F8989 /* FREDebugPuck.m */; };
		976AA9C91A906E4C005F8989 /* FREDebugView.m in Sources */ = {isa = PBXBuildFile; fileRef = 976AA9C81A906E4C005F8989 /* FREDebugView.m */; };
/* End PBXBuildFile section */

/* Begin PBXContainerItemProxy section */
		976AA9B51A901520005F8989 /* PBXContainerItemProxy */ = {
			isa = PBXContainerItemProxy;
			containerPortal = 976AA9931A90151F005F8989 /* Project object */;
			proxyType = 1;
			remoteGlobalIDString = 976AA99A1A90151F005F8989;
			remoteInfo = debugpuck;
		};
/* End PBXContainerItemProxy section */

/* Begin PBXFileReference section */
		976AA99B1A90151F005F8989 /* debugpuck.app */ = {isa = PBXFileReference; explicitFileType = wrapper.application; includeInIndex = 0; path = debugpuck.app; sourceTree = BUILT_PRODUCTS_DIR; };
		976AA99F1A90151F005F8989 /* Info.plist */ = {isa = PBXFileReference; lastKnownFileType = text.plist.xml; path = Info.plist; sourceTree = "<group>"; };
		976AA9A01A90151F005F8989 /* main.m */ = {isa = PBXFileReference; lastKnownFileType = sourcecode.c.objc; path = main.m; sourceTree = "<group>"; };
		976AA9A21A90151F005F8989 /* AppDelegate.h */ = {isa = PBXFileReference; lastKnownFileType = sourcecode.c.h; path = AppDelegate.h; sourceTree = "<group>"; };
		976AA9A31A90151F005F8989 /* AppDelegate.m */ = {isa = PBXFileReference; lastKnownFileType = sourcecode.c.objc; path = AppDelegate.m; sourceTree = "<group>"; };
		976AA9A51A90151F005F8989 /* ViewController.h */ = {isa = PBXFileReference; lastKnownFileType = sourcecode.c.h; path = ViewController.h; sourceTree = "<group>"; };
		976AA9A61A90151F005F8989 /* ViewController.m */ = {isa = PBXFileReference; lastKnownFileType = sourcecode.c.objc; path = ViewController.m; sourceTree = "<group>"; };
		976AA9A91A90151F005F8989 /* Base */ = {isa = PBXFileReference; lastKnownFileType = file.storyboard; name = Base; path = Base.lproj/Main.storyboard; sourceTree = "<group>"; };
		976AA9AB1A90151F005F8989 /* Images.xcassets */ = {isa = PBXFileReference; lastKnownFileType = folder.assetcatalog; path = Images.xcassets; sourceTree = "<group>"; };
		976AA9AE1A90151F005F8989 /* Base */ = {isa = PBXFileReference; lastKnownFileType = file.xib; name = Base; path = Base.lproj/LaunchScreen.xib; sourceTree = "<group>"; };
		976AA9B41A901520005F8989 /* debugpuckTests.xctest */ = {isa = PBXFileReference; explicitFileType = wrapper.cfbundle; includeInIndex = 0; path = debugpuckTests.xctest; sourceTree = BUILT_PRODUCTS_DIR; };
		976AA9B91A901520005F8989 /* Info.plist */ = {isa = PBXFileReference; lastKnownFileType = text.plist.xml; path = Info.plist; sourceTree = "<group>"; };
		976AA9BA1A901520005F8989 /* debugpuckTests.m */ = {isa = PBXFileReference; lastKnownFileType = sourcecode.c.objc; path = debugpuckTests.m; sourceTree = "<group>"; };
		976AA9C41A90154D005F8989 /* FREDebugPuck.h */ = {isa = PBXFileReference; fileEncoding = 4; lastKnownFileType = sourcecode.c.h; path = FREDebugPuck.h; sourceTree = "<group>"; };
		976AA9C51A90154D005F8989 /* FREDebugPuck.m */ = {isa = PBXFileReference; fileEncoding = 4; lastKnownFileType = sourcecode.c.objc; path = FREDebugPuck.m; sourceTree = "<group>"; };
		976AA9C71A906E4C005F8989 /* FREDebugView.h */ = {isa = PBXFileReference; fileEncoding = 4; lastKnownFileType = sourcecode.c.h; path = FREDebugView.h; sourceTree = "<group>"; };
		976AA9C81A906E4C005F8989 /* FREDebugView.m */ = {isa = PBXFileReference; fileEncoding = 4; lastKnownFileType = sourcecode.c.objc; path = FREDebugView.m; sourceTree = "<group>"; };
/* End PBXFileReference section */

/* Begin PBXFrameworksBuildPhase section */
		976AA9981A90151F005F8989 /* Frameworks */ = {
			isa = PBXFrameworksBuildPhase;
			buildActionMask = 2147483647;
			files = (
			);
			runOnlyForDeploymentPostprocessing = 0;
		};
		976AA9B11A901520005F8989 /* Frameworks */ = {
			isa = PBXFrameworksBuildPhase;
			buildActionMask = 2147483647;
			files = (
			);
			runOnlyForDeploymentPostprocessing = 0;
		};
/* End PBXFrameworksBuildPhase section */

/* Begin PBXGroup section */
		976AA9921A90151F005F8989 = {
			isa = PBXGroup;
			children = (
				976AA99D1A90151F005F8989 /* debugpuck */,
				976AA9B71A901520005F8989 /* debugpuckTests */,
				976AA99C1A90151F005F8989 /* Products */,
			);
			sourceTree = "<group>";
		};
		976AA99C1A90151F005F8989 /* Products */ = {
			isa = PBXGroup;
			children = (
				976AA99B1A90151F005F8989 /* debugpuck.app */,
				976AA9B41A901520005F8989 /* debugpuckTests.xctest */,
			);
			name = Products;
			sourceTree = "<group>";
		};
		976AA99D1A90151F005F8989 /* debugpuck */ = {
			isa = PBXGroup;
			children = (
				976AA9A21A90151F005F8989 /* AppDelegate.h */,
				976AA9A31A90151F005F8989 /* AppDelegate.m */,
				976AA9A51A90151F005F8989 /* ViewController.h */,
				976AA9A61A90151F005F8989 /* ViewController.m */,
				976AA9A81A90151F005F8989 /* Main.storyboard */,
				976AA9C41A90154D005F8989 /* FREDebugPuck.h */,
				976AA9C51A90154D005F8989 /* FREDebugPuck.m */,
				976AA9C71A906E4C005F8989 /* FREDebugView.h */,
				976AA9C81A906E4C005F8989 /* FREDebugView.m */,
				976AA9AB1A90151F005F8989 /* Images.xcassets */,
				976AA9AD1A90151F005F8989 /* LaunchScreen.xib */,
				976AA99E1A90151F005F8989 /* Supporting Files */,
			);
			path = debugpuck;
			sourceTree = "<group>";
		};
		976AA99E1A90151F005F8989 /* Supporting Files */ = {
			isa = PBXGroup;
			children = (
				976AA99F1A90151F005F8989 /* Info.plist */,
				976AA9A01A90151F005F8989 /* main.m */,
			);
			name = "Supporting Files";
			sourceTree = "<group>";
		};
		976AA9B71A901520005F8989 /* debugpuckTests */ = {
			isa = PBXGroup;
			children = (
				976AA9BA1A901520005F8989 /* debugpuckTests.m */,
				976AA9B81A901520005F8989 /* Supporting Files */,
			);
			path = debugpuckTests;
			sourceTree = "<group>";
		};
		976AA9B81A901520005F8989 /* Supporting Files */ = {
			isa = PBXGroup;
			children = (
				976AA9B91A901520005F8989 /* Info.plist */,
			);
			name = "Supporting Files";
			sourceTree = "<group>";
		};
/* End PBXGroup section */

/* Begin PBXNativeTarget section */
		976AA99A1A90151F005F8989 /* debugpuck */ = {
			isa = PBXNativeTarget;
			buildConfigurationList = 976AA9BE1A901520005F8989 /* Build configuration list for PBXNativeTarget "debugpuck" */;
			buildPhases = (
				976AA9971A90151F005F8989 /* Sources */,
				976AA9981A90151F005F8989 /* Frameworks */,
				976AA9991A90151F005F8989 /* Resources */,
			);
			buildRules = (
			);
			dependencies = (
			);
			name = debugpuck;
			productName = debugpuck;
			productReference = 976AA99B1A90151F005F8989 /* debugpuck.app */;
			productType = "com.apple.product-type.application";
		};
		976AA9B31A901520005F8989 /* debugpuckTests */ = {
			isa = PBXNativeTarget;
			buildConfigurationList = 976AA9C11A901520005F8989 /* Build configuration list for PBXNativeTarget "debugpuckTests" */;
			buildPhases = (
				976AA9B01A901520005F8989 /* Sources */,
				976AA9B11A901520005F8989 /* Frameworks */,
				976AA9B21A901520005F8989 /* Resources */,
			);
			buildRules = (
			);
			dependencies = (
				976AA9B61A901520005F8989 /* PBXTargetDependency */,
			);
			name = debugpuckTests;
			productName = debugpuckTests;
			productReference = 976AA9B41A901520005F8989 /* debugpuckTests.xctest */;
			productType = "com.apple.product-type.bundle.unit-test";
		};
/* End PBXNativeTarget section */

/* Begin PBXProject section */
		976AA9931A90151F005F8989 /* Project object */ = {
			isa = PBXProject;
			attributes = {
				LastUpgradeCheck = 0610;
				ORGANIZATIONNAME = "Jordan Zucker";
				TargetAttributes = {
					976AA99A1A90151F005F8989 = {
						CreatedOnToolsVersion = 6.1.1;
					};
					976AA9B31A901520005F8989 = {
						CreatedOnToolsVersion = 6.1.1;
						TestTargetID = 976AA99A1A90151F005F8989;
					};
				};
			};
			buildConfigurationList = 976AA9961A90151F005F8989 /* Build configuration list for PBXProject "debugpuck" */;
			compatibilityVersion = "Xcode 3.2";
			developmentRegion = English;
			hasScannedForEncodings = 0;
			knownRegions = (
				en,
				Base,
			);
			mainGroup = 976AA9921A90151F005F8989;
			productRefGroup = 976AA99C1A90151F005F8989 /* Products */;
			projectDirPath = "";
			projectRoot = "";
			targets = (
				976AA99A1A90151F005F8989 /* debugpuck */,
				976AA9B31A901520005F8989 /* debugpuckTests */,
			);
		};
/* End PBXProject section */

/* Begin PBXResourcesBuildPhase section */
		976AA9991A90151F005F8989 /* Resources */ = {
			isa = PBXResourcesBuildPhase;
			buildActionMask = 2147483647;
			files = (
				976AA9AA1A90151F005F8989 /* Main.storyboard in Resources */,
				976AA9AF1A90151F005F8989 /* LaunchScreen.xib in Resources */,
				976AA9AC1A90151F005F8989 /* Images.xcassets in Resources */,
			);
			runOnlyForDeploymentPostprocessing = 0;
		};
		976AA9B21A901520005F8989 /* Resources */ = {
			isa = PBXResourcesBuildPhase;
			buildActionMask = 2147483647;
			files = (
			);
			runOnlyForDeploymentPostprocessing = 0;
		};
/* End PBXResourcesBuildPhase section */

/* Begin PBXSourcesBuildPhase section */
		976AA9971A90151F005F8989 /* Sources */ = {
			isa = PBXSourcesBuildPhase;
			buildActionMask = 2147483647;
			files = (
				976AA9C61A90154D005F8989 /* FREDebugPuck.m in Sources */,
				976AA9C91A906E4C005F8989 /* FREDebugView.m in Sources */,
				976AA9A71A90151F005F8989 /* ViewController.m in Sources */,
				976AA9A41A90151F005F8989 /* AppDelegate.m in Sources */,
				976AA9A11A90151F005F8989 /* main.m in Sources */,
			);
			runOnlyForDeploymentPostprocessing = 0;
		};
		976AA9B01A901520005F8989 /* Sources */ = {
			isa = PBXSourcesBuildPhase;
			buildActionMask = 2147483647;
			files = (
				976AA9BB1A901520005F8989 /* debugpuckTests.m in Sources */,
			);
			runOnlyForDeploymentPostprocessing = 0;
		};
/* End PBXSourcesBuildPhase section */

/* Begin PBXTargetDependency section */
		976AA9B61A901520005F8989 /* PBXTargetDependency */ = {
			isa = PBXTargetDependency;
			target = 976AA99A1A90151F005F8989 /* debugpuck */;
			targetProxy = 976AA9B51A901520005F8989 /* PBXContainerItemProxy */;
		};
/* End PBXTargetDependency section */

/* Begin PBXVariantGroup section */
		976AA9A81A90151F005F8989 /* Main.storyboard */ = {
			isa = PBXVariantGroup;
			children = (
				976AA9A91A90151F005F8989 /* Base */,
			);
			name = Main.storyboard;
			sourceTree = "<group>";
		};
		976AA9AD1A90151F005F8989 /* LaunchScreen.xib */ = {
			isa = PBXVariantGroup;
			children = (
				976AA9AE1A90151F005F8989 /* Base */,
			);
			name = LaunchScreen.xib;
			sourceTree = "<group>";
		};
/* End PBXVariantGroup section */

/* Begin XCBuildConfiguration section */
		976AA9BC1A901520005F8989 /* Debug */ = {
			isa = XCBuildConfiguration;
			buildSettings = {
				ALWAYS_SEARCH_USER_PATHS = NO;
				CLANG_CXX_LANGUAGE_STANDARD = "gnu++0x";
				CLANG_CXX_LIBRARY = "libc++";
				CLANG_ENABLE_MODULES = YES;
				CLANG_ENABLE_OBJC_ARC = YES;
				CLANG_WARN_BOOL_CONVERSION = YES;
				CLANG_WARN_CONSTANT_CONVERSION = YES;
				CLANG_WARN_DIRECT_OBJC_ISA_USAGE = YES_ERROR;
				CLANG_WARN_EMPTY_BODY = YES;
				CLANG_WARN_ENUM_CONVERSION = YES;
				CLANG_WARN_INT_CONVERSION = YES;
				CLANG_WARN_OBJC_ROOT_CLASS = YES_ERROR;
				CLANG_WARN_UNREACHABLE_CODE = YES;
				CLANG_WARN__DUPLICATE_METHOD_MATCH = YES;
				"CODE_SIGN_IDENTITY[sdk=iphoneos*]" = "iPhone Developer";
				COPY_PHASE_STRIP = NO;
				ENABLE_STRICT_OBJC_MSGSEND = YES;
				GCC_C_LANGUAGE_STANDARD = gnu99;
				GCC_DYNAMIC_NO_PIC = NO;
				GCC_OPTIMIZATION_LEVEL = 0;
				GCC_PREPROCESSOR_DEFINITIONS = (
					"DEBUG=1",
					"$(inherited)",
				);
				GCC_SYMBOLS_PRIVATE_EXTERN = NO;
				GCC_WARN_64_TO_32_BIT_CONVERSION = YES;
				GCC_WARN_ABOUT_RETURN_TYPE = YES_ERROR;
				GCC_WARN_UNDECLARED_SELECTOR = YES;
				GCC_WARN_UNINITIALIZED_AUTOS = YES_AGGRESSIVE;
				GCC_WARN_UNUSED_FUNCTION = YES;
				GCC_WARN_UNUSED_VARIABLE = YES;
				IPHONEOS_DEPLOYMENT_TARGET = 8.1;
				MTL_ENABLE_DEBUG_INFO = YES;
				ONLY_ACTIVE_ARCH = YES;
				SDKROOT = iphoneos;
				TARGETED_DEVICE_FAMILY = "1,2";
			};
			name = Debug;
		};
		976AA9BD1A901520005F8989 /* Release */ = {
			isa = XCBuildConfiguration;
			buildSettings = {
				ALWAYS_SEARCH_USER_PATHS = NO;
				CLANG_CXX_LANGUAGE_STANDARD = "gnu++0x";
				CLANG_CXX_LIBRARY = "libc++";
				CLANG_ENABLE_MODULES = YES;
				CLANG_ENABLE_OBJC_ARC = YES;
				CLANG_WARN_BOOL_CONVERSION = YES;
				CLANG_WARN_CONSTANT_CONVERSION = YES;
				CLANG_WARN_DIRECT_OBJC_ISA_USAGE = YES_ERROR;
				CLANG_WARN_EMPTY_BODY = YES;
				CLANG_WARN_ENUM_CONVERSION = YES;
				CLANG_WARN_INT_CONVERSION = YES;
				CLANG_WARN_OBJC_ROOT_CLASS = YES_ERROR;
				CLANG_WARN_UNREACHABLE_CODE = YES;
				CLANG_WARN__DUPLICATE_METHOD_MATCH = YES;
				"CODE_SIGN_IDENTITY[sdk=iphoneos*]" = "iPhone Developer";
				COPY_PHASE_STRIP = YES;
				ENABLE_NS_ASSERTIONS = NO;
				ENABLE_STRICT_OBJC_MSGSEND = YES;
				GCC_C_LANGUAGE_STANDARD = gnu99;
				GCC_WARN_64_TO_32_BIT_CONVERSION = YES;
				GCC_WARN_ABOUT_RETURN_TYPE = YES_ERROR;
				GCC_WARN_UNDECLARED_SELECTOR = YES;
				GCC_WARN_UNINITIALIZED_AUTOS = YES_AGGRESSIVE;
				GCC_WARN_UNUSED_FUNCTION = YES;
				GCC_WARN_UNUSED_VARIABLE = YES;
				IPHONEOS_DEPLOYMENT_TARGET = 8.1;
				MTL_ENABLE_DEBUG_INFO = NO;
				SDKROOT = iphoneos;
				TARGETED_DEVICE_FAMILY = "1,2";
				VALIDATE_PRODUCT = YES;
			};
			name = Release;
		};
		976AA9BF1A901520005F8989 /* Debug */ = {
			isa = XCBuildConfiguration;
			buildSettings = {
				ASSETCATALOG_COMPILER_APPICON_NAME = AppIcon;
				INFOPLIST_FILE = debugpuck/Info.plist;
				LD_RUNPATH_SEARCH_PATHS = "$(inherited) @executable_path/Frameworks";
				PRODUCT_NAME = "$(TARGET_NAME)";
			};
			name = Debug;
		};
		976AA9C01A901520005F8989 /* Release */ = {
			isa = XCBuildConfiguration;
			buildSettings = {
				ASSETCATALOG_COMPILER_APPICON_NAME = AppIcon;
				INFOPLIST_FILE = debugpuck/Info.plist;
				LD_RUNPATH_SEARCH_PATHS = "$(inherited) @executable_path/Frameworks";
				PRODUCT_NAME = "$(TARGET_NAME)";
			};
			name = Release;
		};
		976AA9C21A901520005F8989 /* Debug */ = {
			isa = XCBuildConfiguration;
			buildSettings = {
				BUNDLE_LOADER = "$(TEST_HOST)";
				FRAMEWORK_SEARCH_PATHS = (
					"$(SDKROOT)/Developer/Library/Frameworks",
					"$(inherited)",
				);
				GCC_PREPROCESSOR_DEFINITIONS = (
					"DEBUG=1",
					"$(inherited)",
				);
				INFOPLIST_FILE = debugpuckTests/Info.plist;
				LD_RUNPATH_SEARCH_PATHS = "$(inherited) @executable_path/Frameworks @loader_path/Frameworks";
				PRODUCT_NAME = "$(TARGET_NAME)";
				TEST_HOST = "$(BUILT_PRODUCTS_DIR)/debugpuck.app/debugpuck";
			};
			name = Debug;
		};
		976AA9C31A901520005F8989 /* Release */ = {
			isa = XCBuildConfiguration;
			buildSettings = {
				BUNDLE_LOADER = "$(TEST_HOST)";
				FRAMEWORK_SEARCH_PATHS = (
					"$(SDKROOT)/Developer/Library/Frameworks",
					"$(inherited)",
				);
				INFOPLIST_FILE = debugpuckTests/Info.plist;
				LD_RUNPATH_SEARCH_PATHS = "$(inherited) @executable_path/Frameworks @loader_path/Frameworks";
				PRODUCT_NAME = "$(TARGET_NAME)";
				TEST_HOST = "$(BUILT_PRODUCTS_DIR)/debugpuck.app/debugpuck";
			};
			name = Release;
		};
/* End XCBuildConfiguration section */

/* Begin XCConfigurationList section */
		976AA9961A90151F005F8989 /* Build configuration list for PBXProject "debugpuck" */ = {
			isa = XCConfigurationList;
			buildConfigurations = (
				976AA9BC1A901520005F8989 /* Debug */,
				976AA9BD1A901520005F8989 /* Release */,
			);
			defaultConfigurationIsVisible = 0;
			defaultConfigurationName = Release;
		};
		976AA9BE1A901520005F8989 /* Build configuration list for PBXNativeTarget "debugpuck" */ = {
			isa = XCConfigurationList;
			buildConfigurations = (
				976AA9BF1A901520005F8989 /* Debug */,
				976AA9C01A901520005F8989 /* Release */,
			);
			defaultConfigurationIsVisible = 0;
		};
		976AA9C11A901520005F8989 /* Build configuration list for PBXNativeTarget "debugpuckTests" */ = {
			isa = XCConfigurationList;
			buildConfigurations = (
				976AA9C21A901520005F8989 /* Debug */,
				976AA9C31A901520005F8989 /* Release */,
			);
			defaultConfigurationIsVisible = 0;
		};
/* End XCConfigurationList section */
	};
	rootObject = 976AA9931A90151F005F8989 /* Project object */;
}
